# @generated by Move, please check-in and do not edit manually.

[move]
version = 3
manifest_digest = "447B490AD699FA26B42F895F37D6EF23FB4D4CE7ED60ABFC024AAAA3B077514A"
deps_digest = "3C4103934B1E040BB6B23F1D610B4EF9F2F1166A50A104EADCF77467C004C600"
dependencies = [
  { id = "Sui", name = "Sui" },
  { id = "xociety_nft", name = "xociety_nft" },
]

[[move.package]]
id = "MoveStdlib"
source = { git = "https://github.com/MystenLabs/sui.git", rev = "testnet", subdir = "crates/sui-framework/packages/move-stdlib" }

[[move.package]]
id = "Sui"
source = { git = "https://github.com/MystenLabs/sui.git", rev = "testnet", subdir = "crates/sui-framework/packages/sui-framework" }

dependencies = [
  { id = "MoveStdlib", name = "MoveStdlib" },
]

[[move.package]]
id = "xociety_nft"
source = { local = "../nft" }

dependencies = [
  { id = "Sui", name = "Sui" },
]

[move.toolchain-version]
compiler-version = "1.52.1"
edition = "2024.beta"
flavor = "sui"

[env]

[env.devnet]
chain-id = "01d7a1c8"
original-published-id = "0xc7b0cada6415773d81ef8e77ef3f19f06f1377e7f2719db81d38ec3db897a93a"
latest-published-id = "0xc7b0cada6415773d81ef8e77ef3f19f06f1377e7f2719db81d38ec3db897a93a"
published-version = "1"

[env.testnet]
chain-id = "4c78adac"
original-published-id = "0x5c365d8cba5c5981e3713ac68a527d4eb90472092a8e7285bb68832f4d5aa213"
latest-published-id = "0x5c365d8cba5c5981e3713ac68a527d4eb90472092a8e7285bb68832f4d5aa213"
published-version = "1"
