# @generated by Move, please check-in and do not edit manually.

[move]
version = 3
manifest_digest = "F6390A152D85CE6F1D1821A75517A8E68AE74D727F4598A3BEE58CBD86270D3F"
deps_digest = "3C4103934B1E040BB6B23F1D610B4EF9F2F1166A50A104EADCF77467C004C600"
dependencies = [
  { id = "Kiosk", name = "Kiosk" },
  { id = "Sui", name = "Sui" },
]

[[move.package]]
id = "Kiosk"
source = { git = "https://github.com/MystenLabs/apps.git", rev = "testnet", subdir = "kiosk" }

dependencies = [
  { id = "Sui", name = "Sui" },
]

[[move.package]]
id = "MoveStdlib"
source = { git = "https://github.com/MystenLabs/sui.git", rev = "testnet", subdir = "crates/sui-framework/packages/move-stdlib" }

[[move.package]]
id = "Sui"
source = { git = "https://github.com/MystenLabs/sui.git", rev = "testnet", subdir = "crates/sui-framework/packages/sui-framework" }

dependencies = [
  { id = "MoveStdlib", name = "MoveStdlib" },
]

[move.toolchain-version]
compiler-version = "1.52.1"
edition = "2024.beta"
flavor = "sui"

[env]

[env.devnet]
chain-id = "9ada86bf"
original-published-id = "0x345e2449d4a8cb594d00ba2699c9c332163a3797b75ceaded901fb1426a8ed87"
latest-published-id = "0x345e2449d4a8cb594d00ba2699c9c332163a3797b75ceaded901fb1426a8ed87"
published-version = "1"

[env.testnet]
chain-id = "4c78adac"
original-published-id = "0x2db409822e5fd22a06c0667f407fbebd8198f469d768c29abb4849a50a676567"
latest-published-id = "0x2db409822e5fd22a06c0667f407fbebd8198f469d768c29abb4849a50a676567"
published-version = "1"
